
Microsoft Visual Studio Solution File, Format Version 12.00
# Visual Studio Version 17
VisualStudioVersion = 17.1.32421.90
MinimumVisualStudioVersion = 10.0.40219.1
Project("{9A19103F-16F7-4668-BE54-9A1E7A4F7556}") = "SportsStore", "SportsStore\SportsStore.csproj", "{F7877D99-BE68-4CF7-A6F4-422C52FEE613}"
EndProject
Project("{9A19103F-16F7-4668-BE54-9A1E7A4F7556}") = "SportsStore.Tests", "SportsStore.Tests\SportsStore.Tests.csproj", "{2F9318E0-1D57-4D16-BE1A-00BED262992A}"
EndProject
Global
	GlobalSection(SolutionConfigurationPlatforms) = preSolution
		Debug|Any CPU = Debug|Any CPU
		Release|Any CPU = Release|Any CPU
	EndGlobalSection
	GlobalSection(ProjectConfigurationPlatforms) = postSolution
		{F7877D99-BE68-4CF7-A6F4-422C52FEE613}.Debug|Any CPU.ActiveCfg = Debug|Any CPU
		{F7877D99-BE68-4CF7-A6F4-422C52FEE613}.Debug|Any CPU.Build.0 = Debug|Any CPU
		{F7877D99-BE68-4CF7-A6F4-422C52FEE613}.Release|Any CPU.ActiveCfg = Release|Any CPU
		{F7877D99-BE68-4CF7-A6F4-422C52FEE613}.Release|Any CPU.Build.0 = Release|Any CPU
		{2F9318E0-1D57-4D16-BE1A-00BED262992A}.Debug|Any CPU.ActiveCfg = Debug|Any CPU
		{2F9318E0-1D57-4D16-BE1A-00BED262992A}.Debug|Any CPU.Build.0 = Debug|Any CPU
		{2F9318E0-1D57-4D16-BE1A-00BED262992A}.Release|Any CPU.ActiveCfg = Release|Any CPU
		{2F9318E0-1D57-4D16-BE1A-00BED262992A}.Release|Any CPU.Build.0 = Release|Any CPU
	EndGlobalSection
	GlobalSection(SolutionProperties) = preSolution
		HideSolutionNode = FALSE
	EndGlobalSection
	GlobalSection(ExtensibilityGlobals) = postSolution
		SolutionGuid = {DB25FD3D-3153-489E-B336-97FBE35A77B2}
	EndGlobalSection
EndGlobal
